// !$*UTF8*$!
{
	archiveVersion = 1;
	classes = {
	};
	objectVersion = 77;
	objects = {

/* Begin PBXBuildFile section */
		40D19EB42E30CFBF008D9669 /* Assets.xcassets in Resources */ = {isa = PBXBuildFile; fileRef = 40D19EA92E30CFBF008D9669 /* Assets.xcassets */; };
		40D19EB62E30CFBF008D9669 /* LaunchScreen.storyboard in Resources */ = {isa = PBXBuildFile; fileRef = 40D19EAC2E30CFBF008D9669 /* LaunchScreen.storyboard */; };
		40D19EB72E30CFBF008D9669 /* Main.storyboard in Resources */ = {isa = PBXBuildFile; fileRef = 40D19EAE2E30CFBF008D9669 /* Main.storyboard */; };
		40D19EB82E30CFBF008D9669 /* AppDelegate.swift in Sources */ = {isa = PBXBuildFile; fileRef = 40D19EA82E30CFBF008D9669 /* AppDelegate.swift */; };
		40D19EB92E30CFBF008D9669 /* SceneDelegate.swift in Sources */ = {isa = PBXBuildFile; fileRef = 40D19EAF2E30CFBF008D9669 /* SceneDelegate.swift */; };
		40D19EBA2E30CFBF008D9669 /* SwiftNoviceMkII.xcdatamodeld in Sources */ = {isa = PBXBuildFile; fileRef = 40D19EB02E30CFBF008D9669 /* SwiftNoviceMkII.xcdatamodeld */; };
		40D19EBB2E30CFBF008D9669 /* ViewController.swift in Sources */ = {isa = PBXBuildFile; fileRef = 40D19EB12E30CFBF008D9669 /* ViewController.swift */; };
/* End PBXBuildFile section */

/* Begin PBXContainerItemProxy section */
		40D19E8B2E30CF7B008D9669 /* PBXContainerItemProxy */ = {
			isa = PBXContainerItemProxy;
			containerPortal = 40D19E692E30CF51008D9669 /* Project object */;
			proxyType = 1;
			remoteGlobalIDString = 40D19E702E30CF51008D9669;
			remoteInfo = SwiftNoviceMkII;
		};
		40D19E952E30CF7C008D9669 /* PBXContainerItemProxy */ = {
			isa = PBXContainerItemProxy;
			containerPortal = 40D19E692E30CF51008D9669 /* Project object */;
			proxyType = 1;
			remoteGlobalIDString = 40D19E702E30CF51008D9669;
			remoteInfo = SwiftNoviceMkII;
		};
/* End PBXContainerItemProxy section */

/* Begin PBXFileReference section */
		40D19E712E30CF51008D9669 /* SwiftNoviceMkII.app */ = {isa = PBXFileReference; explicitFileType = wrapper.application; includeInIndex = 0; path = SwiftNoviceMkII.app; sourceTree = BUILT_PRODUCTS_DIR; };
		40D19E8A2E30CF7B008D9669 /* SwiftNoviceMkIITests.xctest */ = {isa = PBXFileReference; explicitFileType = wrapper.cfbundle; includeInIndex = 0; path = SwiftNoviceMkIITests.xctest; sourceTree = BUILT_PRODUCTS_DIR; };
		40D19E942E30CF7C008D9669 /* SwiftNoviceMkIIUITests.xctest */ = {isa = PBXFileReference; explicitFileType = wrapper.cfbundle; includeInIndex = 0; path = SwiftNoviceMkIIUITests.xctest; sourceTree = BUILT_PRODUCTS_DIR; };
		40D19EA82E30CFBF008D9669 /* AppDelegate.swift */ = {isa = PBXFileReference; lastKnownFileType = sourcecode.swift; path = AppDelegate.swift; sourceTree = "<group>"; };
		40D19EA92E30CFBF008D9669 /* Assets.xcassets */ = {isa = PBXFileReference; lastKnownFileType = folder.assetcatalog; path = Assets.xcassets; sourceTree = "<group>"; };
		40D19EAA2E30CFBF008D9669 /* Info.plist */ = {isa = PBXFileReference; lastKnownFileType = text.plist.xml; path = Info.plist; sourceTree = "<group>"; };
		40D19EAB2E30CFBF008D9669 /* Base */ = {isa = PBXFileReference; lastKnownFileType = file.storyboard; name = Base; path = Base.lproj/LaunchScreen.storyboard; sourceTree = "<group>"; };
		40D19EAD2E30CFBF008D9669 /* Base */ = {isa = PBXFileReference; lastKnownFileType = file.storyboard; name = Base; path = Base.lproj/Main.storyboard; sourceTree = "<group>"; };
		40D19EAF2E30CFBF008D9669 /* SceneDelegate.swift */ = {isa = PBXFileReference; lastKnownFileType = sourcecode.swift; path = SceneDelegate.swift; sourceTree = "<group>"; };
		40D19EB12E30CFBF008D9669 /* ViewController.swift */ = {isa = PBXFileReference; lastKnownFileType = sourcecode.swift; path = ViewController.swift; sourceTree = "<group>"; };
		40D19EB32E30CFBF008D9669 /* SwiftNoviceMkII.xcdatamodel */ = {isa = PBXFileReference; lastKnownFileType = wrapper.xcdatamodel; path = SwiftNoviceMkII.xcdatamodel; sourceTree = "<group>"; };
/* End PBXFileReference section */

/* Begin PBXFileSystemSynchronizedRootGroup section */
		40D19E8D2E30CF7B008D9669 /* SwiftNoviceMkIITests */ = {
			isa = PBXFileSystemSynchronizedRootGroup;
			path = SwiftNoviceMkIITests;
			sourceTree = "<group>";
		};
		40D19E972E30CF7C008D9669 /* SwiftNoviceMkIIUITests */ = {
			isa = PBXFileSystemSynchronizedRootGroup;
			path = SwiftNoviceMkIIUITests;
			sourceTree = "<group>";
		};
/* End PBXFileSystemSynchronizedRootGroup section */

/* Begin PBXFrameworksBuildPhase section */
		40D19E6E2E30CF51008D9669 /* Frameworks */ = {
			isa = PBXFrameworksBuildPhase;
			buildActionMask = 2147483647;
			files = (
			);
			runOnlyForDeploymentPostprocessing = 0;
		};
		40D19E872E30CF7B008D9669 /* Frameworks */ = {
			isa = PBXFrameworksBuildPhase;
			buildActionMask = 2147483647;
			files = (
			);
			runOnlyForDeploymentPostprocessing = 0;
		};
		40D19E912E30CF7B008D9669 /* Frameworks */ = {
			isa = PBXFrameworksBuildPhase;
			buildActionMask = 2147483647;
			files = (
			);
			runOnlyForDeploymentPostprocessing = 0;
		};
/* End PBXFrameworksBuildPhase section */

/* Begin PBXGroup section */
		40D19E682E30CF51008D9669 = {
			isa = PBXGroup;
			children = (
				40D19EB22E30CFBF008D9669 /* SwiftNoviceMkII */,
				40D19E8D2E30CF7B008D9669 /* SwiftNoviceMkIITests */,
				40D19E972E30CF7C008D9669 /* SwiftNoviceMkIIUITests */,
				40D19E722E30CF51008D9669 /* Products */,
			);
			sourceTree = "<group>";
		};
		40D19E722E30CF51008D9669 /* Products */ = {
			isa = PBXGroup;
			children = (
				40D19E712E30CF51008D9669 /* SwiftNoviceMkII.app */,
				40D19E8A2E30CF7B008D9669 /* SwiftNoviceMkIITests.xctest */,
				40D19E942E30CF7C008D9669 /* SwiftNoviceMkIIUITests.xctest */,
			);
			name = Products;
			sourceTree = "<group>";
		};
		40D19EB22E30CFBF008D9669 /* SwiftNoviceMkII */ = {
			isa = PBXGroup;
			children = (
				40D19EBC2E30CFD2008D9669 /* Support */,
				40D19EAA2E30CFBF008D9669 /* Info.plist */,
				40D19EB12E30CFBF008D9669 /* ViewController.swift */,
			);
			path = SwiftNoviceMkII;
			sourceTree = "<group>";
		};
		40D19EBC2E30CFD2008D9669 /* Support */ = {
			isa = PBXGroup;
			children = (
				40D19EA82E30CFBF008D9669 /* AppDelegate.swift */,
				40D19EAF2E30CFBF008D9669 /* SceneDelegate.swift */,
				40D19EAC2E30CFBF008D9669 /* LaunchScreen.storyboard */,
				40D19EAE2E30CFBF008D9669 /* Main.storyboard */,
				40D19EA92E30CFBF008D9669 /* Assets.xcassets */,
				40D19EB02E30CFBF008D9669 /* SwiftNoviceMkII.xcdatamodeld */,
			);
			path = Support;
			sourceTree = "<group>";
		};
/* End PBXGroup section */

/* Begin PBXNativeTarget section */
		40D19E702E30CF51008D9669 /* SwiftNoviceMkII */ = {
			isa = PBXNativeTarget;
			buildConfigurationList = 40D19E9D2E30CF7C008D9669 /* Build configuration list for PBXNativeTarget "SwiftNoviceMkII" */;
			buildPhases = (
				40D19E6D2E30CF51008D9669 /* Sources */,
				40D19E6E2E30CF51008D9669 /* Frameworks */,
				40D19E6F2E30CF51008D9669 /* Resources */,
			);
			buildRules = (
			);
			dependencies = (
			);
			name = SwiftNoviceMkII;
			packageProductDependencies = (
			);
			productName = SwiftNoviceMkII;
			productReference = 40D19E712E30CF51008D9669 /* SwiftNoviceMkII.app */;
			productType = "com.apple.product-type.application";
		};
		40D19E892E30CF7B008D9669 /* SwiftNoviceMkIITests */ = {
			isa = PBXNativeTarget;
			buildConfigurationList = 40D19EA22E30CF7C008D9669 /* Build configuration list for PBXNativeTarget "SwiftNoviceMkIITests" */;
			buildPhases = (
				40D19E862E30CF7B008D9669 /* Sources */,
				40D19E872E30CF7B008D9669 /* Frameworks */,
				40D19E882E30CF7B008D9669 /* Resources */,
			);
			buildRules = (
			);
			dependencies = (
				40D19E8C2E30CF7B008D9669 /* PBXTargetDependency */,
			);
			fileSystemSynchronizedGroups = (
				40D19E8D2E30CF7B008D9669 /* SwiftNoviceMkIITests */,
			);
			name = SwiftNoviceMkIITests;
			packageProductDependencies = (
			);
			productName = SwiftNoviceMkIITests;
			productReference = 40D19E8A2E30CF7B008D9669 /* SwiftNoviceMkIITests.xctest */;
			productType = "com.apple.product-type.bundle.unit-test";
		};
		40D19E932E30CF7B008D9669 /* SwiftNoviceMkIIUITests */ = {
			isa = PBXNativeTarget;
			buildConfigurationList = 40D19EA52E30CF7C008D9669 /* Build configuration list for PBXNativeTarget "SwiftNoviceMkIIUITests" */;
			buildPhases = (
				40D19E902E30CF7B008D9669 /* Sources */,
				40D19E912E30CF7B008D9669 /* Frameworks */,
				40D19E922E30CF7B008D9669 /* Resources */,
			);
			buildRules = (
			);
			dependencies = (
				40D19E962E30CF7C008D9669 /* PBXTargetDependency */,
			);
			fileSystemSynchronizedGroups = (
				40D19E972E30CF7C008D9669 /* SwiftNoviceMkIIUITests */,
			);
			name = SwiftNoviceMkIIUITests;
			packageProductDependencies = (
			);
			productName = SwiftNoviceMkIIUITests;
			productReference = 40D19E942E30CF7C008D9669 /* SwiftNoviceMkIIUITests.xctest */;
			productType = "com.apple.product-type.bundle.ui-testing";
		};
/* End PBXNativeTarget section */

/* Begin PBXProject section */
		40D19E692E30CF51008D9669 /* Project object */ = {
			isa = PBXProject;
			attributes = {
				BuildIndependentTargetsInParallel = 1;
				LastSwiftUpdateCheck = 1640;
				LastUpgradeCheck = 1640;
				TargetAttributes = {
					40D19E702E30CF51008D9669 = {
						CreatedOnToolsVersion = 16.4;
					};
					40D19E892E30CF7B008D9669 = {
						CreatedOnToolsVersion = 16.4;
						TestTargetID = 40D19E702E30CF51008D9669;
					};
					40D19E932E30CF7B008D9669 = {
						CreatedOnToolsVersion = 16.4;
						TestTargetID = 40D19E702E30CF51008D9669;
					};
				};
			};
			buildConfigurationList = 40D19E6C2E30CF51008D9669 /* Build configuration list for PBXProject "SwiftNoviceMkII" */;
			developmentRegion = en;
			hasScannedForEncodings = 0;
			knownRegions = (
				en,
				Base,
			);
			mainGroup = 40D19E682E30CF51008D9669;
			minimizedProjectReferenceProxies = 1;
			preferredProjectObjectVersion = 77;
			productRefGroup = 40D19E722E30CF51008D9669 /* Products */;
			projectDirPath = "";
			projectRoot = "";
			targets = (
				40D19E702E30CF51008D9669 /* SwiftNoviceMkII */,
				40D19E892E30CF7B008D9669 /* SwiftNoviceMkIITests */,
				40D19E932E30CF7B008D9669 /* SwiftNoviceMkIIUITests */,
			);
		};
/* End PBXProject section */

/* Begin PBXResourcesBuildPhase section */
		40D19E6F2E30CF51008D9669 /* Resources */ = {
			isa = PBXResourcesBuildPhase;
			buildActionMask = 2147483647;
			files = (
				40D19EB42E30CFBF008D9669 /* Assets.xcassets in Resources */,
				40D19EB62E30CFBF008D9669 /* LaunchScreen.storyboard in Resources */,
				40D19EB72E30CFBF008D9669 /* Main.storyboard in Resources */,
			);
			runOnlyForDeploymentPostprocessing = 0;
		};
		40D19E882E30CF7B008D9669 /* Resources */ = {
			isa = PBXResourcesBuildPhase;
			buildActionMask = 2147483647;
			files = (
			);
			runOnlyForDeploymentPostprocessing = 0;
		};
		40D19E922E30CF7B008D9669 /* Resources */ = {
			isa = PBXResourcesBuildPhase;
			buildActionMask = 2147483647;
			files = (
			);
			runOnlyForDeploymentPostprocessing = 0;
		};
/* End PBXResourcesBuildPhase section */

/* Begin PBXSourcesBuildPhase section */
		40D19E6D2E30CF51008D9669 /* Sources */ = {
			isa = PBXSourcesBuildPhase;
			buildActionMask = 2147483647;
			files = (
				40D19EB82E30CFBF008D9669 /* AppDelegate.swift in Sources */,
				40D19EB92E30CFBF008D9669 /* SceneDelegate.swift in Sources */,
				40D19EBA2E30CFBF008D9669 /* SwiftNoviceMkII.xcdatamodeld in Sources */,
				40D19EBB2E30CFBF008D9669 /* ViewController.swift in Sources */,
			);
			runOnlyForDeploymentPostprocessing = 0;
		};
		40D19E862E30CF7B008D9669 /* Sources */ = {
			isa = PBXSourcesBuildPhase;
			buildActionMask = 2147483647;
			files = (
			);
			runOnlyForDeploymentPostprocessing = 0;
		};
		40D19E902E30CF7B008D9669 /* Sources */ = {
			isa = PBXSourcesBuildPhase;
			buildActionMask = 2147483647;
			files = (
			);
			runOnlyForDeploymentPostprocessing = 0;
		};
/* End PBXSourcesBuildPhase section */

/* Begin PBXTargetDependency section */
		40D19E8C2E30CF7B008D9669 /* PBXTargetDependency */ = {
			isa = PBXTargetDependency;
			target = 40D19E702E30CF51008D9669 /* SwiftNoviceMkII */;
			targetProxy = 40D19E8B2E30CF7B008D9669 /* PBXContainerItemProxy */;
		};
		40D19E962E30CF7C008D9669 /* PBXTargetDependency */ = {
			isa = PBXTargetDependency;
			target = 40D19E702E30CF51008D9669 /* SwiftNoviceMkII */;
			targetProxy = 40D19E952E30CF7C008D9669 /* PBXContainerItemProxy */;
		};
/* End PBXTargetDependency section */

/* Begin PBXVariantGroup section */
		40D19EAC2E30CFBF008D9669 /* LaunchScreen.storyboard */ = {
			isa = PBXVariantGroup;
			children = (
				40D19EAB2E30CFBF008D9669 /* Base */,
			);
			name = LaunchScreen.storyboard;
			sourceTree = "<group>";
		};
		40D19EAE2E30CFBF008D9669 /* Main.storyboard */ = {
			isa = PBXVariantGroup;
			children = (
				40D19EAD2E30CFBF008D9669 /* Base */,
			);
			name = Main.storyboard;
			sourceTree = "<group>";
		};
/* End PBXVariantGroup section */

/* Begin XCBuildConfiguration section */
		40D19E9E2E30CF7C008D9669 /* Debug */ = {
			isa = XCBuildConfiguration;
			buildSettings = {
				ASSETCATALOG_COMPILER_APPICON_NAME = AppIcon;
				ASSETCATALOG_COMPILER_GLOBAL_ACCENT_COLOR_NAME = AccentColor;
				CODE_SIGN_STYLE = Automatic;
				CURRENT_PROJECT_VERSION = 1;
				DEVELOPMENT_TEAM = M9MT23QW7V;
				GENERATE_INFOPLIST_FILE = YES;
				INFOPLIST_FILE = SwiftNoviceMkII/Info.plist;
				INFOPLIST_KEY_UIApplicationSupportsIndirectInputEvents = YES;
				INFOPLIST_KEY_UILaunchStoryboardName = LaunchScreen;
				INFOPLIST_KEY_UIMainStoryboardFile = Main;
				INFOPLIST_KEY_UISupportedInterfaceOrientations_iPad = "UIInterfaceOrientationPortrait UIInterfaceOrientationPortraitUpsideDown UIInterfaceOrientationLandscapeLeft UIInterfaceOrientationLandscapeRight";
				INFOPLIST_KEY_UISupportedInterfaceOrientations_iPhone = "UIInterfaceOrientationPortrait UIInterfaceOrientationLandscapeLeft UIInterfaceOrientationLandscapeRight";
				LD_RUNPATH_SEARCH_PATHS = (
					"$(inherited)",
					"@executable_path/Frameworks",
				);
				MARKETING_VERSION = 1.0;
				PRODUCT_BUNDLE_IDENTIFIER = noahpope.SwiftNoviceMkII;
				PRODUCT_NAME = "$(TARGET_NAME)";
				SWIFT_EMIT_LOC_STRINGS = YES;
				SWIFT_VERSION = 5.0;
				TARGETED_DEVICE_FAMILY = "1,2";
			};
			name = Debug;
		};
		40D19E9F2E30CF7C008D9669 /* Release */ = {
			isa = XCBuildConfiguration;
			buildSettings = {
				ASSETCATALOG_COMPILER_APPICON_NAME = AppIcon;
				ASSETCATALOG_COMPILER_GLOBAL_ACCENT_COLOR_NAME = AccentColor;
				CODE_SIGN_STYLE = Automatic;
				CURRENT_PROJECT_VERSION = 1;
				DEVELOPMENT_TEAM = M9MT23QW7V;
				GENERATE_INFOPLIST_FILE = YES;
				INFOPLIST_FILE = SwiftNoviceMkII/Info.plist;
				INFOPLIST_KEY_UIApplicationSupportsIndirectInputEvents = YES;
				INFOPLIST_KEY_UILaunchStoryboardName = LaunchScreen;
				INFOPLIST_KEY_UIMainStoryboardFile = Main;
				INFOPLIST_KEY_UISupportedInterfaceOrientations_iPad = "UIInterfaceOrientationPortrait UIInterfaceOrientationPortraitUpsideDown UIInterfaceOrientationLandscapeLeft UIInterfaceOrientationLandscapeRight";
				INFOPLIST_KEY_UISupportedInterfaceOrientations_iPhone = "UIInterfaceOrientationPortrait UIInterfaceOrientationLandscapeLeft UIInterfaceOrientationLandscapeRight";
				LD_RUNPATH_SEARCH_PATHS = (
					"$(inherited)",
					"@executable_path/Frameworks",
				);
				MARKETING_VERSION = 1.0;
				PRODUCT_BUNDLE_IDENTIFIER = noahpope.SwiftNoviceMkII;
				PRODUCT_NAME = "$(TARGET_NAME)";
				SWIFT_EMIT_LOC_STRINGS = YES;
				SWIFT_VERSION = 5.0;
				TARGETED_DEVICE_FAMILY = "1,2";
			};
			name = Release;
		};
		40D19EA02E30CF7C008D9669 /* Debug */ = {
			isa = XCBuildConfiguration;
			buildSettings = {
				ALWAYS_SEARCH_USER_PATHS = NO;
				ASSETCATALOG_COMPILER_GENERATE_SWIFT_ASSET_SYMBOL_EXTENSIONS = YES;
				CLANG_ANALYZER_NONNULL = YES;
				CLANG_ANALYZER_NUMBER_OBJECT_CONVERSION = YES_AGGRESSIVE;
				CLANG_CXX_LANGUAGE_STANDARD = "gnu++20";
				CLANG_ENABLE_MODULES = YES;
				CLANG_ENABLE_OBJC_ARC = YES;
				CLANG_ENABLE_OBJC_WEAK = YES;
				CLANG_WARN_BLOCK_CAPTURE_AUTORELEASING = YES;
				CLANG_WARN_BOOL_CONVERSION = YES;
				CLANG_WARN_COMMA = YES;
				CLANG_WARN_CONSTANT_CONVERSION = YES;
				CLANG_WARN_DEPRECATED_OBJC_IMPLEMENTATIONS = YES;
				CLANG_WARN_DIRECT_OBJC_ISA_USAGE = YES_ERROR;
				CLANG_WARN_DOCUMENTATION_COMMENTS = YES;
				CLANG_WARN_EMPTY_BODY = YES;
				CLANG_WARN_ENUM_CONVERSION = YES;
				CLANG_WARN_INFINITE_RECURSION = YES;
				CLANG_WARN_INT_CONVERSION = YES;
				CLANG_WARN_NON_LITERAL_NULL_CONVERSION = YES;
				CLANG_WARN_OBJC_IMPLICIT_RETAIN_SELF = YES;
				CLANG_WARN_OBJC_LITERAL_CONVERSION = YES;
				CLANG_WARN_OBJC_ROOT_CLASS = YES_ERROR;
				CLANG_WARN_QUOTED_INCLUDE_IN_FRAMEWORK_HEADER = YES;
				CLANG_WARN_RANGE_LOOP_ANALYSIS = YES;
				CLANG_WARN_STRICT_PROTOTYPES = YES;
				CLANG_WARN_SUSPICIOUS_MOVE = YES;
				CLANG_WARN_UNGUARDED_AVAILABILITY = YES_AGGRESSIVE;
				CLANG_WARN_UNREACHABLE_CODE = YES;
				CLANG_WARN__DUPLICATE_METHOD_MATCH = YES;
				COPY_PHASE_STRIP = NO;
				DEBUG_INFORMATION_FORMAT = dwarf;
				DEVELOPMENT_TEAM = M9MT23QW7V;
				ENABLE_STRICT_OBJC_MSGSEND = YES;
				ENABLE_TESTABILITY = YES;
				ENABLE_USER_SCRIPT_SANDBOXING = YES;
				GCC_C_LANGUAGE_STANDARD = gnu17;
				GCC_DYNAMIC_NO_PIC = NO;
				GCC_NO_COMMON_BLOCKS = YES;
				GCC_OPTIMIZATION_LEVEL = 0;
				GCC_PREPROCESSOR_DEFINITIONS = (
					"DEBUG=1",
					"$(inherited)",
				);
				GCC_WARN_64_TO_32_BIT_CONVERSION = YES;
				GCC_WARN_ABOUT_RETURN_TYPE = YES_ERROR;
				GCC_WARN_UNDECLARED_SELECTOR = YES;
				GCC_WARN_UNINITIALIZED_AUTOS = YES_AGGRESSIVE;
				GCC_WARN_UNUSED_FUNCTION = YES;
				GCC_WARN_UNUSED_VARIABLE = YES;
				IPHONEOS_DEPLOYMENT_TARGET = 18.5;
				LOCALIZATION_PREFERS_STRING_CATALOGS = YES;
				MTL_ENABLE_DEBUG_INFO = INCLUDE_SOURCE;
				MTL_FAST_MATH = YES;
				ONLY_ACTIVE_ARCH = YES;
				SDKROOT = iphoneos;
				SWIFT_ACTIVE_COMPILATION_CONDITIONS = "DEBUG $(inherited)";
				SWIFT_OPTIMIZATION_LEVEL = "-Onone";
			};
			name = Debug;
		};
		40D19EA12E30CF7C008D9669 /* Release */ = {
			isa = XCBuildConfiguration;
			buildSettings = {
				ALWAYS_SEARCH_USER_PATHS = NO;
				ASSETCATALOG_COMPILER_GENERATE_SWIFT_ASSET_SYMBOL_EXTENSIONS = YES;
				CLANG_ANALYZER_NONNULL = YES;
				CLANG_ANALYZER_NUMBER_OBJECT_CONVERSION = YES_AGGRESSIVE;
				CLANG_CXX_LANGUAGE_STANDARD = "gnu++20";
				CLANG_ENABLE_MODULES = YES;
				CLANG_ENABLE_OBJC_ARC = YES;
				CLANG_ENABLE_OBJC_WEAK = YES;
				CLANG_WARN_BLOCK_CAPTURE_AUTORELEASING = YES;
				CLANG_WARN_BOOL_CONVERSION = YES;
				CLANG_WARN_COMMA = YES;
				CLANG_WARN_CONSTANT_CONVERSION = YES;
				CLANG_WARN_DEPRECATED_OBJC_IMPLEMENTATIONS = YES;
				CLANG_WARN_DIRECT_OBJC_ISA_USAGE = YES_ERROR;
				CLANG_WARN_DOCUMENTATION_COMMENTS = YES;
				CLANG_WARN_EMPTY_BODY = YES;
				CLANG_WARN_ENUM_CONVERSION = YES;
				CLANG_WARN_INFINITE_RECURSION = YES;
				CLANG_WARN_INT_CONVERSION = YES;
				CLANG_WARN_NON_LITERAL_NULL_CONVERSION = YES;
				CLANG_WARN_OBJC_IMPLICIT_RETAIN_SELF = YES;
				CLANG_WARN_OBJC_LITERAL_CONVERSION = YES;
				CLANG_WARN_OBJC_ROOT_CLASS = YES_ERROR;
				CLANG_WARN_QUOTED_INCLUDE_IN_FRAMEWORK_HEADER = YES;
				CLANG_WARN_RANGE_LOOP_ANALYSIS = YES;
				CLANG_WARN_STRICT_PROTOTYPES = YES;
				CLANG_WARN_SUSPICIOUS_MOVE = YES;
				CLANG_WARN_UNGUARDED_AVAILABILITY = YES_AGGRESSIVE;
				CLANG_WARN_UNREACHABLE_CODE = YES;
				CLANG_WARN__DUPLICATE_METHOD_MATCH = YES;
				COPY_PHASE_STRIP = NO;
				DEBUG_INFORMATION_FORMAT = "dwarf-with-dsym";
				DEVELOPMENT_TEAM = M9MT23QW7V;
				ENABLE_NS_ASSERTIONS = NO;
				ENABLE_STRICT_OBJC_MSGSEND = YES;
				ENABLE_USER_SCRIPT_SANDBOXING = YES;
				GCC_C_LANGUAGE_STANDARD = gnu17;
				GCC_NO_COMMON_BLOCKS = YES;
				GCC_WARN_64_TO_32_BIT_CONVERSION = YES;
				GCC_WARN_ABOUT_RETURN_TYPE = YES_ERROR;
				GCC_WARN_UNDECLARED_SELECTOR = YES;
				GCC_WARN_UNINITIALIZED_AUTOS = YES_AGGRESSIVE;
				GCC_WARN_UNUSED_FUNCTION = YES;
				GCC_WARN_UNUSED_VARIABLE = YES;
				IPHONEOS_DEPLOYMENT_TARGET = 18.5;
				LOCALIZATION_PREFERS_STRING_CATALOGS = YES;
				MTL_ENABLE_DEBUG_INFO = NO;
				MTL_FAST_MATH = YES;
				SDKROOT = iphoneos;
				SWIFT_COMPILATION_MODE = wholemodule;
				VALIDATE_PRODUCT = YES;
			};
			name = Release;
		};
		40D19EA32E30CF7C008D9669 /* Debug */ = {
			isa = XCBuildConfiguration;
			buildSettings = {
				BUNDLE_LOADER = "$(TEST_HOST)";
				CODE_SIGN_STYLE = Automatic;
				CURRENT_PROJECT_VERSION = 1;
				DEVELOPMENT_TEAM = M9MT23QW7V;
				GENERATE_INFOPLIST_FILE = YES;
				IPHONEOS_DEPLOYMENT_TARGET = 18.5;
				MARKETING_VERSION = 1.0;
				PRODUCT_BUNDLE_IDENTIFIER = noahpope.SwiftNoviceMkIITests;
				PRODUCT_NAME = "$(TARGET_NAME)";
				SWIFT_EMIT_LOC_STRINGS = NO;
				SWIFT_VERSION = 5.0;
				TARGETED_DEVICE_FAMILY = "1,2";
				TEST_HOST = "$(BUILT_PRODUCTS_DIR)/SwiftNoviceMkII.app/$(BUNDLE_EXECUTABLE_FOLDER_PATH)/SwiftNoviceMkII";
			};
			name = Debug;
		};
		40D19EA42E30CF7C008D9669 /* Release */ = {
			isa = XCBuildConfiguration;
			buildSettings = {
				BUNDLE_LOADER = "$(TEST_HOST)";
				CODE_SIGN_STYLE = Automatic;
				CURRENT_PROJECT_VERSION = 1;
				DEVELOPMENT_TEAM = M9MT23QW7V;
				GENERATE_INFOPLIST_FILE = YES;
				IPHONEOS_DEPLOYMENT_TARGET = 18.5;
				MARKETING_VERSION = 1.0;
				PRODUCT_BUNDLE_IDENTIFIER = noahpope.SwiftNoviceMkIITests;
				PRODUCT_NAME = "$(TARGET_NAME)";
				SWIFT_EMIT_LOC_STRINGS = NO;
				SWIFT_VERSION = 5.0;
				TARGETED_DEVICE_FAMILY = "1,2";
				TEST_HOST = "$(BUILT_PRODUCTS_DIR)/SwiftNoviceMkII.app/$(BUNDLE_EXECUTABLE_FOLDER_PATH)/SwiftNoviceMkII";
			};
			name = Release;
		};
		40D19EA62E30CF7C008D9669 /* Debug */ = {
			isa = XCBuildConfiguration;
			buildSettings = {
				CODE_SIGN_STYLE = Automatic;
				CURRENT_PROJECT_VERSION = 1;
				DEVELOPMENT_TEAM = M9MT23QW7V;
				GENERATE_INFOPLIST_FILE = YES;
				MARKETING_VERSION = 1.0;
				PRODUCT_BUNDLE_IDENTIFIER = noahpope.SwiftNoviceMkIIUITests;
				PRODUCT_NAME = "$(TARGET_NAME)";
				SWIFT_EMIT_LOC_STRINGS = NO;
				SWIFT_VERSION = 5.0;
				TARGETED_DEVICE_FAMILY = "1,2";
				TEST_TARGET_NAME = SwiftNoviceMkII;
			};
			name = Debug;
		};
		40D19EA72E30CF7C008D9669 /* Release */ = {
			isa = XCBuildConfiguration;
			buildSettings = {
				CODE_SIGN_STYLE = Automatic;
				CURRENT_PROJECT_VERSION = 1;
				DEVELOPMENT_TEAM = M9MT23QW7V;
				GENERATE_INFOPLIST_FILE = YES;
				MARKETING_VERSION = 1.0;
				PRODUCT_BUNDLE_IDENTIFIER = noahpope.SwiftNoviceMkIIUITests;
				PRODUCT_NAME = "$(TARGET_NAME)";
				SWIFT_EMIT_LOC_STRINGS = NO;
				SWIFT_VERSION = 5.0;
				TARGETED_DEVICE_FAMILY = "1,2";
				TEST_TARGET_NAME = SwiftNoviceMkII;
			};
			name = Release;
		};
/* End XCBuildConfiguration section */

/* Begin XCConfigurationList section */
		40D19E6C2E30CF51008D9669 /* Build configuration list for PBXProject "SwiftNoviceMkII" */ = {
			isa = XCConfigurationList;
			buildConfigurations = (
				40D19EA02E30CF7C008D9669 /* Debug */,
				40D19EA12E30CF7C008D9669 /* Release */,
			);
			defaultConfigurationIsVisible = 0;
			defaultConfigurationName = Release;
		};
		40D19E9D2E30CF7C008D9669 /* Build configuration list for PBXNativeTarget "SwiftNoviceMkII" */ = {
			isa = XCConfigurationList;
			buildConfigurations = (
				40D19E9E2E30CF7C008D9669 /* Debug */,
				40D19E9F2E30CF7C008D9669 /* Release */,
			);
			defaultConfigurationIsVisible = 0;
			defaultConfigurationName = Release;
		};
		40D19EA22E30CF7C008D9669 /* Build configuration list for PBXNativeTarget "SwiftNoviceMkIITests" */ = {
			isa = XCConfigurationList;
			buildConfigurations = (
				40D19EA32E30CF7C008D9669 /* Debug */,
				40D19EA42E30CF7C008D9669 /* Release */,
			);
			defaultConfigurationIsVisible = 0;
			defaultConfigurationName = Release;
		};
		40D19EA52E30CF7C008D9669 /* Build configuration list for PBXNativeTarget "SwiftNoviceMkIIUITests" */ = {
			isa = XCConfigurationList;
			buildConfigurations = (
				40D19EA62E30CF7C008D9669 /* Debug */,
				40D19EA72E30CF7C008D9669 /* Release */,
			);
			defaultConfigurationIsVisible = 0;
			defaultConfigurationName = Release;
		};
/* End XCConfigurationList section */

/* Begin XCVersionGroup section */
		40D19EB02E30CFBF008D9669 /* SwiftNoviceMkII.xcdatamodeld */ = {
			isa = XCVersionGroup;
			children = (
				40D19EB32E30CFBF008D9669 /* SwiftNoviceMkII.xcdatamodel */,
			);
			currentVersion = 40D19EB32E30CFBF008D9669 /* SwiftNoviceMkII.xcdatamodel */;
			path = SwiftNoviceMkII.xcdatamodeld;
			sourceTree = "<group>";
			versionGroupType = wrapper.xcdatamodel;
		};
/* End XCVersionGroup section */
	};
	rootObject = 40D19E692E30CF51008D9669 /* Project object */;
}
