// !$*UTF8*$!
{
	archiveVersion = 1;
	classes = {
	};
	objectVersion = 77;
	objects = {

/* Begin PBXBuildFile section */
		400CD4BF2EA70D4A005D7FA8 /* SNTextField.swift in Sources */ = {isa = PBXBuildFile; fileRef = 400CD4BE2EA70D4A005D7FA8 /* SNTextField.swift */; };
		400CD4C12EA70ED8005D7FA8 /* SNInteractiveLabel.swift in Sources */ = {isa = PBXBuildFile; fileRef = 400CD4C02EA70ED8005D7FA8 /* SNInteractiveLabel.swift */; };
		40152B462EA87F5500DA5814 /* UIResponder+Ext.swift in Sources */ = {isa = PBXBuildFile; fileRef = 40152B452EA87F5500DA5814 /* UIResponder+Ext.swift */; };
		4078A07B2E9DE91E006743B3 /* SNCourseProjectCell.swift in Sources */ = {isa = PBXBuildFile; fileRef = 4078A07A2E9DE91E006743B3 /* SNCourseProjectCell.swift */; };
		408116932E3B7C2A00515626 /* SNCourseCell.swift in Sources */ = {isa = PBXBuildFile; fileRef = 408116922E3B7C2A00515626 /* SNCourseCell.swift */; };
		408116982E3B7D2100515626 /* SNAvatarImageView.swift in Sources */ = {isa = PBXBuildFile; fileRef = 408116972E3B7D2100515626 /* SNAvatarImageView.swift */; };
		408D6CE52E41421000E3B2E2 /* CourseProjectsVC.swift in Sources */ = {isa = PBXBuildFile; fileRef = 408D6CE42E41421000E3B2E2 /* CourseProjectsVC.swift */; };
		4096DAD02E385CAD00E6C5F5 /* SNError+Utils.swift in Sources */ = {isa = PBXBuildFile; fileRef = 4096DACF2E385CAD00E6C5F5 /* SNError+Utils.swift */; };
		409712C82E643C34009879E8 /* SNTabBarController.swift in Sources */ = {isa = PBXBuildFile; fileRef = 409712C72E643C34009879E8 /* SNTabBarController.swift */; };
		409712CB2E644738009879E8 /* BookmarksVC.swift in Sources */ = {isa = PBXBuildFile; fileRef = 409712CA2E644738009879E8 /* BookmarksVC.swift */; };
		409AC4B62E40047F00C3035C /* NetworkManager.swift in Sources */ = {isa = PBXBuildFile; fileRef = 409AC4B52E40047F00C3035C /* NetworkManager.swift */; };
		409AC4B92E40110500C3035C /* SNTitleLabel.swift in Sources */ = {isa = PBXBuildFile; fileRef = 409AC4B82E40110500C3035C /* SNTitleLabel.swift */; };
		409B102E2E702A6300902A84 /* SNEmptyStateView.swift in Sources */ = {isa = PBXBuildFile; fileRef = 409B102D2E702A6300902A84 /* SNEmptyStateView.swift */; };
		40A67A272E9AD18100C7A9FD /* Readme.md in Resources */ = {isa = PBXBuildFile; fileRef = 40A67A262E9AD18100C7A9FD /* Readme.md */; };
		40A67A282E9AD18100C7A9FD /* Readme.md in Resources */ = {isa = PBXBuildFile; fileRef = 40A67A262E9AD18100C7A9FD /* Readme.md */; };
		40AF77B22E3EFD6E00B7B2A1 /* UIView+Ext.swift in Sources */ = {isa = PBXBuildFile; fileRef = 40AF77B12E3EFD6E00B7B2A1 /* UIView+Ext.swift */; };
		40B3D82C2E9EC4C600CCA85D /* SignInVC.swift in Sources */ = {isa = PBXBuildFile; fileRef = 40B3D82B2E9EC4C600CCA85D /* SignInVC.swift */; };
		40BE3C012EB3D57500C5C981 /* SignUpVC+Ext.swift in Sources */ = {isa = PBXBuildFile; fileRef = 40BE3C002EB3D57400C5C981 /* SignUpVC+Ext.swift */; };
		40BFB2072E3A22B200A3E83E /* UIHelper+Utils.swift in Sources */ = {isa = PBXBuildFile; fileRef = 40BFB2062E3A22B200A3E83E /* UIHelper+Utils.swift */; };
		40C003F22EB28DD8009613E8 /* SignUpVC.swift in Sources */ = {isa = PBXBuildFile; fileRef = 40C003F12EB28DD8009613E8 /* SignUpVC.swift */; };
		40C1BE132EB196CD002EE7B3 /* SignInVC+Ext.swift in Sources */ = {isa = PBXBuildFile; fileRef = 40C1BE122EB196CD002EE7B3 /* SignInVC+Ext.swift */; };
		40C97FD42E8C44F000C55111 /* KeychainWrapper.swift in Sources */ = {isa = PBXBuildFile; fileRef = 40C97FD32E8C44F000C55111 /* KeychainWrapper.swift */; };
		40C97FD52E8C44F000C55111 /* KeychainItemAccessibility.swift in Sources */ = {isa = PBXBuildFile; fileRef = 40C97FD22E8C44F000C55111 /* KeychainItemAccessibility.swift */; };
		40D19EB42E30CFBF008D9669 /* Assets.xcassets in Resources */ = {isa = PBXBuildFile; fileRef = 40D19EA92E30CFBF008D9669 /* Assets.xcassets */; };
		40D19EB62E30CFBF008D9669 /* LaunchScreen.storyboard in Resources */ = {isa = PBXBuildFile; fileRef = 40D19EAC2E30CFBF008D9669 /* LaunchScreen.storyboard */; };
		40D19EB72E30CFBF008D9669 /* Main.storyboard in Resources */ = {isa = PBXBuildFile; fileRef = 40D19EAE2E30CFBF008D9669 /* Main.storyboard */; };
		40D19EB82E30CFBF008D9669 /* AppDelegate.swift in Sources */ = {isa = PBXBuildFile; fileRef = 40D19EA82E30CFBF008D9669 /* AppDelegate.swift */; };
		40D19EB92E30CFBF008D9669 /* SceneDelegate.swift in Sources */ = {isa = PBXBuildFile; fileRef = 40D19EAF2E30CFBF008D9669 /* SceneDelegate.swift */; };
		40D19EBA2E30CFBF008D9669 /* SwiftNoviceMkII.xcdatamodeld in Sources */ = {isa = PBXBuildFile; fileRef = 40D19EB02E30CFBF008D9669 /* SwiftNoviceMkII.xcdatamodeld */; };
		40D19EBB2E30CFBF008D9669 /* HomeCoursesVC.swift in Sources */ = {isa = PBXBuildFile; fileRef = 40D19EB12E30CFBF008D9669 /* HomeCoursesVC.swift */; };
		40D19EC42E30D362008D9669 /* SNDataLoadingVC.swift in Sources */ = {isa = PBXBuildFile; fileRef = 40D19EC32E30D362008D9669 /* SNDataLoadingVC.swift */; };
		40D19ECA2E30D3E7008D9669 /* UIViewController+Ext.swift in Sources */ = {isa = PBXBuildFile; fileRef = 40D19EC92E30D3E7008D9669 /* UIViewController+Ext.swift */; };
		40D19ECC2E30D6D1008D9669 /* User.swift in Sources */ = {isa = PBXBuildFile; fileRef = 40D19ECB2E30D6D1008D9669 /* User.swift */; };
		40D19ECE2E30D6DF008D9669 /* Course.swift in Sources */ = {isa = PBXBuildFile; fileRef = 40D19ECD2E30D6DF008D9669 /* Course.swift */; };
		40D19ED02E30D6FD008D9669 /* CourseProject.swift in Sources */ = {isa = PBXBuildFile; fileRef = 40D19ECF2E30D6FD008D9669 /* CourseProject.swift */; };
		40D19ED42E30F60C008D9669 /* SNLogoLauncher+Utils.swift in Sources */ = {isa = PBXBuildFile; fileRef = 40D19ED32E30F60C008D9669 /* SNLogoLauncher+Utils.swift */; };
		40D19ED62E30F827008D9669 /* launchscreen.mp4 in Resources */ = {isa = PBXBuildFile; fileRef = 40D19ED52E30F827008D9669 /* launchscreen.mp4 */; };
		40D19ED82E30F899008D9669 /* Constants+Utils.swift in Sources */ = {isa = PBXBuildFile; fileRef = 40D19ED72E30F899008D9669 /* Constants+Utils.swift */; };
		40D19EDA2E30F983008D9669 /* AVPlayer+Ext.swift in Sources */ = {isa = PBXBuildFile; fileRef = 40D19ED92E30F983008D9669 /* AVPlayer+Ext.swift */; };
		40D19EDC2E30F9E3008D9669 /* PersistenceManager.swift in Sources */ = {isa = PBXBuildFile; fileRef = 40D19EDB2E30F9E3008D9669 /* PersistenceManager.swift */; };
/* End PBXBuildFile section */

/* Begin PBXContainerItemProxy section */
		40D19E8B2E30CF7B008D9669 /* PBXContainerItemProxy */ = {
			isa = PBXContainerItemProxy;
			containerPortal = 40D19E692E30CF51008D9669 /* Project object */;
			proxyType = 1;
			remoteGlobalIDString = 40D19E702E30CF51008D9669;
			remoteInfo = SwiftNoviceMkII;
		};
		40D19E952E30CF7C008D9669 /* PBXContainerItemProxy */ = {
			isa = PBXContainerItemProxy;
			containerPortal = 40D19E692E30CF51008D9669 /* Project object */;
			proxyType = 1;
			remoteGlobalIDString = 40D19E702E30CF51008D9669;
			remoteInfo = SwiftNoviceMkII;
		};
/* End PBXContainerItemProxy section */

/* Begin PBXFileReference section */
		400CD4BE2EA70D4A005D7FA8 /* SNTextField.swift */ = {isa = PBXFileReference; lastKnownFileType = sourcecode.swift; path = SNTextField.swift; sourceTree = "<group>"; };
		400CD4C02EA70ED8005D7FA8 /* SNInteractiveLabel.swift */ = {isa = PBXFileReference; lastKnownFileType = sourcecode.swift; path = SNInteractiveLabel.swift; sourceTree = "<group>"; };
		40152B452EA87F5500DA5814 /* UIResponder+Ext.swift */ = {isa = PBXFileReference; lastKnownFileType = sourcecode.swift; path = "UIResponder+Ext.swift"; sourceTree = "<group>"; };
		4078A07A2E9DE91E006743B3 /* SNCourseProjectCell.swift */ = {isa = PBXFileReference; lastKnownFileType = sourcecode.swift; path = SNCourseProjectCell.swift; sourceTree = "<group>"; };
		408116922E3B7C2A00515626 /* SNCourseCell.swift */ = {isa = PBXFileReference; lastKnownFileType = sourcecode.swift; path = SNCourseCell.swift; sourceTree = "<group>"; };
		408116972E3B7D2100515626 /* SNAvatarImageView.swift */ = {isa = PBXFileReference; lastKnownFileType = sourcecode.swift; path = SNAvatarImageView.swift; sourceTree = "<group>"; };
		408D6CE42E41421000E3B2E2 /* CourseProjectsVC.swift */ = {isa = PBXFileReference; lastKnownFileType = sourcecode.swift; path = CourseProjectsVC.swift; sourceTree = "<group>"; };
		4096DACF2E385CAD00E6C5F5 /* SNError+Utils.swift */ = {isa = PBXFileReference; lastKnownFileType = sourcecode.swift; path = "SNError+Utils.swift"; sourceTree = "<group>"; };
		409712C72E643C34009879E8 /* SNTabBarController.swift */ = {isa = PBXFileReference; lastKnownFileType = sourcecode.swift; path = SNTabBarController.swift; sourceTree = "<group>"; };
		409712CA2E644738009879E8 /* BookmarksVC.swift */ = {isa = PBXFileReference; lastKnownFileType = sourcecode.swift; path = BookmarksVC.swift; sourceTree = "<group>"; };
		409AC4B52E40047F00C3035C /* NetworkManager.swift */ = {isa = PBXFileReference; lastKnownFileType = sourcecode.swift; path = NetworkManager.swift; sourceTree = "<group>"; };
		409AC4B82E40110500C3035C /* SNTitleLabel.swift */ = {isa = PBXFileReference; lastKnownFileType = sourcecode.swift; path = SNTitleLabel.swift; sourceTree = "<group>"; };
		409B102D2E702A6300902A84 /* SNEmptyStateView.swift */ = {isa = PBXFileReference; lastKnownFileType = sourcecode.swift; path = SNEmptyStateView.swift; sourceTree = "<group>"; };
		40A67A262E9AD18100C7A9FD /* Readme.md */ = {isa = PBXFileReference; lastKnownFileType = net.daringfireball.markdown; path = Readme.md; sourceTree = "<group>"; };
		40AF77B12E3EFD6E00B7B2A1 /* UIView+Ext.swift */ = {isa = PBXFileReference; lastKnownFileType = sourcecode.swift; path = "UIView+Ext.swift"; sourceTree = "<group>"; };
		40B3D82B2E9EC4C600CCA85D /* SignInVC.swift */ = {isa = PBXFileReference; lastKnownFileType = sourcecode.swift; path = SignInVC.swift; sourceTree = "<group>"; };
		40BE3C002EB3D57400C5C981 /* SignUpVC+Ext.swift */ = {isa = PBXFileReference; lastKnownFileType = sourcecode.swift; path = "SignUpVC+Ext.swift"; sourceTree = "<group>"; };
		40BFB2062E3A22B200A3E83E /* UIHelper+Utils.swift */ = {isa = PBXFileReference; lastKnownFileType = sourcecode.swift; path = "UIHelper+Utils.swift"; sourceTree = "<group>"; };
		40C003F12EB28DD8009613E8 /* SignUpVC.swift */ = {isa = PBXFileReference; lastKnownFileType = sourcecode.swift; path = SignUpVC.swift; sourceTree = "<group>"; };
		40C1BE122EB196CD002EE7B3 /* SignInVC+Ext.swift */ = {isa = PBXFileReference; lastKnownFileType = sourcecode.swift; path = "SignInVC+Ext.swift"; sourceTree = "<group>"; };
		40C97FD22E8C44F000C55111 /* KeychainItemAccessibility.swift */ = {isa = PBXFileReference; lastKnownFileType = sourcecode.swift; path = KeychainItemAccessibility.swift; sourceTree = "<group>"; };
		40C97FD32E8C44F000C55111 /* KeychainWrapper.swift */ = {isa = PBXFileReference; lastKnownFileType = sourcecode.swift; path = KeychainWrapper.swift; sourceTree = "<group>"; };
		40D19E712E30CF51008D9669 /* SwiftNoviceMkII.app */ = {isa = PBXFileReference; explicitFileType = wrapper.application; includeInIndex = 0; path = SwiftNoviceMkII.app; sourceTree = BUILT_PRODUCTS_DIR; };
		40D19E8A2E30CF7B008D9669 /* SwiftNoviceMkIITests.xctest */ = {isa = PBXFileReference; explicitFileType = wrapper.cfbundle; includeInIndex = 0; path = SwiftNoviceMkIITests.xctest; sourceTree = BUILT_PRODUCTS_DIR; };
		40D19E942E30CF7C008D9669 /* SwiftNoviceMkIIUITests.xctest */ = {isa = PBXFileReference; explicitFileType = wrapper.cfbundle; includeInIndex = 0; path = SwiftNoviceMkIIUITests.xctest; sourceTree = BUILT_PRODUCTS_DIR; };
		40D19EA82E30CFBF008D9669 /* AppDelegate.swift */ = {isa = PBXFileReference; lastKnownFileType = sourcecode.swift; path = AppDelegate.swift; sourceTree = "<group>"; };
		40D19EA92E30CFBF008D9669 /* Assets.xcassets */ = {isa = PBXFileReference; lastKnownFileType = folder.assetcatalog; path = Assets.xcassets; sourceTree = "<group>"; };
		40D19EAA2E30CFBF008D9669 /* Info.plist */ = {isa = PBXFileReference; lastKnownFileType = text.plist.xml; path = Info.plist; sourceTree = "<group>"; };
		40D19EAB2E30CFBF008D9669 /* Base */ = {isa = PBXFileReference; lastKnownFileType = file.storyboard; name = Base; path = Base.lproj/LaunchScreen.storyboard; sourceTree = "<group>"; };
		40D19EAD2E30CFBF008D9669 /* Base */ = {isa = PBXFileReference; lastKnownFileType = file.storyboard; name = Base; path = Base.lproj/Main.storyboard; sourceTree = "<group>"; };
		40D19EAF2E30CFBF008D9669 /* SceneDelegate.swift */ = {isa = PBXFileReference; lastKnownFileType = sourcecode.swift; path = SceneDelegate.swift; sourceTree = "<group>"; };
		40D19EB12E30CFBF008D9669 /* HomeCoursesVC.swift */ = {isa = PBXFileReference; lastKnownFileType = sourcecode.swift; path = HomeCoursesVC.swift; sourceTree = "<group>"; };
		40D19EB32E30CFBF008D9669 /* SwiftNoviceMkII.xcdatamodel */ = {isa = PBXFileReference; lastKnownFileType = wrapper.xcdatamodel; path = SwiftNoviceMkII.xcdatamodel; sourceTree = "<group>"; };
		40D19EC32E30D362008D9669 /* SNDataLoadingVC.swift */ = {isa = PBXFileReference; lastKnownFileType = sourcecode.swift; path = SNDataLoadingVC.swift; sourceTree = "<group>"; };
		40D19EC92E30D3E7008D9669 /* UIViewController+Ext.swift */ = {isa = PBXFileReference; lastKnownFileType = sourcecode.swift; path = "UIViewController+Ext.swift"; sourceTree = "<group>"; };
		40D19ECB2E30D6D1008D9669 /* User.swift */ = {isa = PBXFileReference; lastKnownFileType = sourcecode.swift; path = User.swift; sourceTree = "<group>"; };
		40D19ECD2E30D6DF008D9669 /* Course.swift */ = {isa = PBXFileReference; lastKnownFileType = sourcecode.swift; path = Course.swift; sourceTree = "<group>"; };
		40D19ECF2E30D6FD008D9669 /* CourseProject.swift */ = {isa = PBXFileReference; lastKnownFileType = sourcecode.swift; path = CourseProject.swift; sourceTree = "<group>"; };
		40D19ED32E30F60C008D9669 /* SNLogoLauncher+Utils.swift */ = {isa = PBXFileReference; lastKnownFileType = sourcecode.swift; path = "SNLogoLauncher+Utils.swift"; sourceTree = "<group>"; };
		40D19ED52E30F827008D9669 /* launchscreen.mp4 */ = {isa = PBXFileReference; lastKnownFileType = file; path = launchscreen.mp4; sourceTree = "<group>"; };
		40D19ED72E30F899008D9669 /* Constants+Utils.swift */ = {isa = PBXFileReference; lastKnownFileType = sourcecode.swift; path = "Constants+Utils.swift"; sourceTree = "<group>"; };
		40D19ED92E30F983008D9669 /* AVPlayer+Ext.swift */ = {isa = PBXFileReference; lastKnownFileType = sourcecode.swift; path = "AVPlayer+Ext.swift"; sourceTree = "<group>"; };
		40D19EDB2E30F9E3008D9669 /* PersistenceManager.swift */ = {isa = PBXFileReference; lastKnownFileType = sourcecode.swift; path = PersistenceManager.swift; sourceTree = "<group>"; };
/* End PBXFileReference section */

/* Begin PBXFileSystemSynchronizedRootGroup section */
		40A67A2B2E9AF03800C7A9FD /* .github */ = {
			isa = PBXFileSystemSynchronizedRootGroup;
			path = .github;
			sourceTree = "<group>";
		};
		40D19E8D2E30CF7B008D9669 /* SwiftNoviceMkIITests */ = {
			isa = PBXFileSystemSynchronizedRootGroup;
			path = SwiftNoviceMkIITests;
			sourceTree = "<group>";
		};
		40D19E972E30CF7C008D9669 /* SwiftNoviceMkIIUITests */ = {
			isa = PBXFileSystemSynchronizedRootGroup;
			path = SwiftNoviceMkIIUITests;
			sourceTree = "<group>";
		};
/* End PBXFileSystemSynchronizedRootGroup section */

/* Begin PBXFrameworksBuildPhase section */
		40D19E6E2E30CF51008D9669 /* Frameworks */ = {
			isa = PBXFrameworksBuildPhase;
			buildActionMask = 2147483647;
			files = (
			);
			runOnlyForDeploymentPostprocessing = 0;
		};
		40D19E872E30CF7B008D9669 /* Frameworks */ = {
			isa = PBXFrameworksBuildPhase;
			buildActionMask = 2147483647;
			files = (
			);
			runOnlyForDeploymentPostprocessing = 0;
		};
		40D19E912E30CF7B008D9669 /* Frameworks */ = {
			isa = PBXFrameworksBuildPhase;
			buildActionMask = 2147483647;
			files = (
			);
			runOnlyForDeploymentPostprocessing = 0;
		};
/* End PBXFrameworksBuildPhase section */

/* Begin PBXGroup section */
		400CD4BD2EA70D23005D7FA8 /* TextFields */ = {
			isa = PBXGroup;
			children = (
				400CD4BE2EA70D4A005D7FA8 /* SNTextField.swift */,
			);
			path = TextFields;
			sourceTree = "<group>";
		};
		408116942E3B7CCC00515626 /* Cells */ = {
			isa = PBXGroup;
			children = (
				408116922E3B7C2A00515626 /* SNCourseCell.swift */,
				4078A07A2E9DE91E006743B3 /* SNCourseProjectCell.swift */,
			);
			path = Cells;
			sourceTree = "<group>";
		};
		408116952E3B7CE600515626 /* ViewControllers */ = {
			isa = PBXGroup;
			children = (
				40D19EC32E30D362008D9669 /* SNDataLoadingVC.swift */,
			);
			path = ViewControllers;
			sourceTree = "<group>";
		};
		408116962E3B7CF300515626 /* UIImageViews */ = {
			isa = PBXGroup;
			children = (
				408116972E3B7D2100515626 /* SNAvatarImageView.swift */,
			);
			path = UIImageViews;
			sourceTree = "<group>";
		};
		409712C92E643C43009879E8 /* TabBarControllers */ = {
			isa = PBXGroup;
			children = (
				409712C72E643C34009879E8 /* SNTabBarController.swift */,
			);
			path = TabBarControllers;
			sourceTree = "<group>";
		};
		409AC4B72E40108E00C3035C /* Labels */ = {
			isa = PBXGroup;
			children = (
				409AC4B82E40110500C3035C /* SNTitleLabel.swift */,
				400CD4C02EA70ED8005D7FA8 /* SNInteractiveLabel.swift */,
			);
			path = Labels;
			sourceTree = "<group>";
		};
		409B102F2E702A8800902A84 /* UIViews */ = {
			isa = PBXGroup;
			children = (
				409B102D2E702A6300902A84 /* SNEmptyStateView.swift */,
			);
			path = UIViews;
			sourceTree = "<group>";
		};
		40D19E682E30CF51008D9669 = {
			isa = PBXGroup;
			children = (
				40A67A262E9AD18100C7A9FD /* Readme.md */,
				40D19EB22E30CFBF008D9669 /* SwiftNoviceMkII */,
				40A67A2B2E9AF03800C7A9FD /* .github */,
				40D19E8D2E30CF7B008D9669 /* SwiftNoviceMkIITests */,
				40D19E972E30CF7C008D9669 /* SwiftNoviceMkIIUITests */,
				40D19E722E30CF51008D9669 /* Products */,
			);
			sourceTree = "<group>";
		};
		40D19E722E30CF51008D9669 /* Products */ = {
			isa = PBXGroup;
			children = (
				40D19E712E30CF51008D9669 /* SwiftNoviceMkII.app */,
				40D19E8A2E30CF7B008D9669 /* SwiftNoviceMkIITests.xctest */,
				40D19E942E30CF7C008D9669 /* SwiftNoviceMkIIUITests.xctest */,
			);
			name = Products;
			sourceTree = "<group>";
		};
		40D19EB22E30CFBF008D9669 /* SwiftNoviceMkII */ = {
			isa = PBXGroup;
			children = (
				40D19EC72E30D394008D9669 /* Managers */,
				40D19EC02E30D21E008D9669 /* Extensions */,
				40D19EC82E30D39E008D9669 /* Utilities */,
				40D19EC62E30D38A008D9669 /* Models */,
				40D19EC52E30D378008D9669 /* CustomViews */,
				40D19EBD2E30D115008D9669 /* Screens */,
				40D19EBC2E30CFD2008D9669 /* Support */,
				40D19EAA2E30CFBF008D9669 /* Info.plist */,
			);
			path = SwiftNoviceMkII;
			sourceTree = "<group>";
		};
		40D19EBC2E30CFD2008D9669 /* Support */ = {
			isa = PBXGroup;
			children = (
				40D19EA82E30CFBF008D9669 /* AppDelegate.swift */,
				40D19EAF2E30CFBF008D9669 /* SceneDelegate.swift */,
				40C97FD22E8C44F000C55111 /* KeychainItemAccessibility.swift */,
				40C97FD32E8C44F000C55111 /* KeychainWrapper.swift */,
				40D19EAC2E30CFBF008D9669 /* LaunchScreen.storyboard */,
				40D19EAE2E30CFBF008D9669 /* Main.storyboard */,
				40D19EA92E30CFBF008D9669 /* Assets.xcassets */,
				40D19ED52E30F827008D9669 /* launchscreen.mp4 */,
				40D19EB02E30CFBF008D9669 /* SwiftNoviceMkII.xcdatamodeld */,
			);
			path = Support;
			sourceTree = "<group>";
		};
		40D19EBD2E30D115008D9669 /* Screens */ = {
			isa = PBXGroup;
			children = (
				40B3D82B2E9EC4C600CCA85D /* SignInVC.swift */,
				40D19EB12E30CFBF008D9669 /* HomeCoursesVC.swift */,
				408D6CE42E41421000E3B2E2 /* CourseProjectsVC.swift */,
				409712CA2E644738009879E8 /* BookmarksVC.swift */,
				40C003F12EB28DD8009613E8 /* SignUpVC.swift */,
			);
			path = Screens;
			sourceTree = "<group>";
		};
		40D19EC02E30D21E008D9669 /* Extensions */ = {
			isa = PBXGroup;
			children = (
				40D19EC92E30D3E7008D9669 /* UIViewController+Ext.swift */,
				40152B452EA87F5500DA5814 /* UIResponder+Ext.swift */,
				40D19ED92E30F983008D9669 /* AVPlayer+Ext.swift */,
				40AF77B12E3EFD6E00B7B2A1 /* UIView+Ext.swift */,
				40C1BE122EB196CD002EE7B3 /* SignInVC+Ext.swift */,
				40BE3C002EB3D57400C5C981 /* SignUpVC+Ext.swift */,
			);
			path = Extensions;
			sourceTree = "<group>";
		};
		40D19EC52E30D378008D9669 /* CustomViews */ = {
			isa = PBXGroup;
			children = (
				409712C92E643C43009879E8 /* TabBarControllers */,
				408116952E3B7CE600515626 /* ViewControllers */,
				408116942E3B7CCC00515626 /* Cells */,
				409AC4B72E40108E00C3035C /* Labels */,
				400CD4BD2EA70D23005D7FA8 /* TextFields */,
				409B102F2E702A8800902A84 /* UIViews */,
				408116962E3B7CF300515626 /* UIImageViews */,
			);
			path = CustomViews;
			sourceTree = "<group>";
		};
		40D19EC62E30D38A008D9669 /* Models */ = {
			isa = PBXGroup;
			children = (
				40D19ECB2E30D6D1008D9669 /* User.swift */,
				40D19ECD2E30D6DF008D9669 /* Course.swift */,
				40D19ECF2E30D6FD008D9669 /* CourseProject.swift */,
			);
			path = Models;
			sourceTree = "<group>";
		};
		40D19EC72E30D394008D9669 /* Managers */ = {
			isa = PBXGroup;
			children = (
				409AC4B52E40047F00C3035C /* NetworkManager.swift */,
				40D19EDB2E30F9E3008D9669 /* PersistenceManager.swift */,
			);
			path = Managers;
			sourceTree = "<group>";
		};
		40D19EC82E30D39E008D9669 /* Utilities */ = {
			isa = PBXGroup;
			children = (
				40D19ED72E30F899008D9669 /* Constants+Utils.swift */,
				4096DACF2E385CAD00E6C5F5 /* SNError+Utils.swift */,
				40D19ED32E30F60C008D9669 /* SNLogoLauncher+Utils.swift */,
				40BFB2062E3A22B200A3E83E /* UIHelper+Utils.swift */,
			);
			path = Utilities;
			sourceTree = "<group>";
		};
/* End PBXGroup section */

/* Begin PBXNativeTarget section */
		40D19E702E30CF51008D9669 /* SwiftNoviceMkII */ = {
			isa = PBXNativeTarget;
			buildConfigurationList = 40D19E9D2E30CF7C008D9669 /* Build configuration list for PBXNativeTarget "SwiftNoviceMkII" */;
			buildPhases = (
				40D19E6D2E30CF51008D9669 /* Sources */,
				40D19E6E2E30CF51008D9669 /* Frameworks */,
				40D19E6F2E30CF51008D9669 /* Resources */,
			);
			buildRules = (
			);
			dependencies = (
			);
			fileSystemSynchronizedGroups = (
				40A67A2B2E9AF03800C7A9FD /* .github */,
			);
			name = SwiftNoviceMkII;
			packageProductDependencies = (
			);
			productName = SwiftNoviceMkII;
			productReference = 40D19E712E30CF51008D9669 /* SwiftNoviceMkII.app */;
			productType = "com.apple.product-type.application";
		};
		40D19E892E30CF7B008D9669 /* SwiftNoviceMkIITests */ = {
			isa = PBXNativeTarget;
			buildConfigurationList = 40D19EA22E30CF7C008D9669 /* Build configuration list for PBXNativeTarget "SwiftNoviceMkIITests" */;
			buildPhases = (
				40D19E862E30CF7B008D9669 /* Sources */,
				40D19E872E30CF7B008D9669 /* Frameworks */,
				40D19E882E30CF7B008D9669 /* Resources */,
			);
			buildRules = (
			);
			dependencies = (
				40D19E8C2E30CF7B008D9669 /* PBXTargetDependency */,
			);
			fileSystemSynchronizedGroups = (
				40A67A2B2E9AF03800C7A9FD /* .github */,
				40D19E8D2E30CF7B008D9669 /* SwiftNoviceMkIITests */,
			);
			name = SwiftNoviceMkIITests;
			packageProductDependencies = (
			);
			productName = SwiftNoviceMkIITests;
			productReference = 40D19E8A2E30CF7B008D9669 /* SwiftNoviceMkIITests.xctest */;
			productType = "com.apple.product-type.bundle.unit-test";
		};
		40D19E932E30CF7B008D9669 /* SwiftNoviceMkIIUITests */ = {
			isa = PBXNativeTarget;
			buildConfigurationList = 40D19EA52E30CF7C008D9669 /* Build configuration list for PBXNativeTarget "SwiftNoviceMkIIUITests" */;
			buildPhases = (
				40D19E902E30CF7B008D9669 /* Sources */,
				40D19E912E30CF7B008D9669 /* Frameworks */,
				40D19E922E30CF7B008D9669 /* Resources */,
			);
			buildRules = (
			);
			dependencies = (
				40D19E962E30CF7C008D9669 /* PBXTargetDependency */,
			);
			fileSystemSynchronizedGroups = (
				40D19E972E30CF7C008D9669 /* SwiftNoviceMkIIUITests */,
			);
			name = SwiftNoviceMkIIUITests;
			packageProductDependencies = (
			);
			productName = SwiftNoviceMkIIUITests;
			productReference = 40D19E942E30CF7C008D9669 /* SwiftNoviceMkIIUITests.xctest */;
			productType = "com.apple.product-type.bundle.ui-testing";
		};
/* End PBXNativeTarget section */

/* Begin PBXProject section */
		40D19E692E30CF51008D9669 /* Project object */ = {
			isa = PBXProject;
			attributes = {
				BuildIndependentTargetsInParallel = 1;
				LastSwiftUpdateCheck = 1640;
				LastUpgradeCheck = 1640;
				TargetAttributes = {
					40D19E702E30CF51008D9669 = {
						CreatedOnToolsVersion = 16.4;
					};
					40D19E892E30CF7B008D9669 = {
						CreatedOnToolsVersion = 16.4;
						TestTargetID = 40D19E702E30CF51008D9669;
					};
					40D19E932E30CF7B008D9669 = {
						CreatedOnToolsVersion = 16.4;
						TestTargetID = 40D19E702E30CF51008D9669;
					};
				};
			};
			buildConfigurationList = 40D19E6C2E30CF51008D9669 /* Build configuration list for PBXProject "SwiftNoviceMkII" */;
			developmentRegion = en;
			hasScannedForEncodings = 0;
			knownRegions = (
				en,
				Base,
			);
			mainGroup = 40D19E682E30CF51008D9669;
			minimizedProjectReferenceProxies = 1;
			preferredProjectObjectVersion = 77;
			productRefGroup = 40D19E722E30CF51008D9669 /* Products */;
			projectDirPath = "";
			projectRoot = "";
			targets = (
				40D19E702E30CF51008D9669 /* SwiftNoviceMkII */,
				40D19E892E30CF7B008D9669 /* SwiftNoviceMkIITests */,
				40D19E932E30CF7B008D9669 /* SwiftNoviceMkIIUITests */,
			);
		};
/* End PBXProject section */

/* Begin PBXResourcesBuildPhase section */
		40D19E6F2E30CF51008D9669 /* Resources */ = {
			isa = PBXResourcesBuildPhase;
			buildActionMask = 2147483647;
			files = (
				40A67A282E9AD18100C7A9FD /* Readme.md in Resources */,
				40D19EB42E30CFBF008D9669 /* Assets.xcassets in Resources */,
				40D19EB62E30CFBF008D9669 /* LaunchScreen.storyboard in Resources */,
				40D19ED62E30F827008D9669 /* launchscreen.mp4 in Resources */,
				40D19EB72E30CFBF008D9669 /* Main.storyboard in Resources */,
			);
			runOnlyForDeploymentPostprocessing = 0;
		};
		40D19E882E30CF7B008D9669 /* Resources */ = {
			isa = PBXResourcesBuildPhase;
			buildActionMask = 2147483647;
			files = (
				40A67A272E9AD18100C7A9FD /* Readme.md in Resources */,
			);
			runOnlyForDeploymentPostprocessing = 0;
		};
		40D19E922E30CF7B008D9669 /* Resources */ = {
			isa = PBXResourcesBuildPhase;
			buildActionMask = 2147483647;
			files = (
			);
			runOnlyForDeploymentPostprocessing = 0;
		};
/* End PBXResourcesBuildPhase section */

/* Begin PBXSourcesBuildPhase section */
		40D19E6D2E30CF51008D9669 /* Sources */ = {
			isa = PBXSourcesBuildPhase;
			buildActionMask = 2147483647;
			files = (
				40B3D82C2E9EC4C600CCA85D /* SignInVC.swift in Sources */,
				409AC4B62E40047F00C3035C /* NetworkManager.swift in Sources */,
				40D19ED02E30D6FD008D9669 /* CourseProject.swift in Sources */,
				40D19EDA2E30F983008D9669 /* AVPlayer+Ext.swift in Sources */,
				40D19ED82E30F899008D9669 /* Constants+Utils.swift in Sources */,
				400CD4C12EA70ED8005D7FA8 /* SNInteractiveLabel.swift in Sources */,
				40C97FD42E8C44F000C55111 /* KeychainWrapper.swift in Sources */,
				40C97FD52E8C44F000C55111 /* KeychainItemAccessibility.swift in Sources */,
				409712C82E643C34009879E8 /* SNTabBarController.swift in Sources */,
				4078A07B2E9DE91E006743B3 /* SNCourseProjectCell.swift in Sources */,
				40C1BE132EB196CD002EE7B3 /* SignInVC+Ext.swift in Sources */,
				40D19EB82E30CFBF008D9669 /* AppDelegate.swift in Sources */,
				400CD4BF2EA70D4A005D7FA8 /* SNTextField.swift in Sources */,
				40BFB2072E3A22B200A3E83E /* UIHelper+Utils.swift in Sources */,
				40D19EC42E30D362008D9669 /* SNDataLoadingVC.swift in Sources */,
				40D19EDC2E30F9E3008D9669 /* PersistenceManager.swift in Sources */,
				40152B462EA87F5500DA5814 /* UIResponder+Ext.swift in Sources */,
				409AC4B92E40110500C3035C /* SNTitleLabel.swift in Sources */,
				40D19ECA2E30D3E7008D9669 /* UIViewController+Ext.swift in Sources */,
				408116982E3B7D2100515626 /* SNAvatarImageView.swift in Sources */,
				408D6CE52E41421000E3B2E2 /* CourseProjectsVC.swift in Sources */,
				40D19ED42E30F60C008D9669 /* SNLogoLauncher+Utils.swift in Sources */,
				40D19ECE2E30D6DF008D9669 /* Course.swift in Sources */,
				4096DAD02E385CAD00E6C5F5 /* SNError+Utils.swift in Sources */,
				40BE3C012EB3D57500C5C981 /* SignUpVC+Ext.swift in Sources */,
				40D19EB92E30CFBF008D9669 /* SceneDelegate.swift in Sources */,
				40C003F22EB28DD8009613E8 /* SignUpVC.swift in Sources */,
				408116932E3B7C2A00515626 /* SNCourseCell.swift in Sources */,
				40AF77B22E3EFD6E00B7B2A1 /* UIView+Ext.swift in Sources */,
				40D19EBA2E30CFBF008D9669 /* SwiftNoviceMkII.xcdatamodeld in Sources */,
				40D19ECC2E30D6D1008D9669 /* User.swift in Sources */,
				40D19EBB2E30CFBF008D9669 /* HomeCoursesVC.swift in Sources */,
				409712CB2E644738009879E8 /* BookmarksVC.swift in Sources */,
				409B102E2E702A6300902A84 /* SNEmptyStateView.swift in Sources */,
			);
			runOnlyForDeploymentPostprocessing = 0;
		};
		40D19E862E30CF7B008D9669 /* Sources */ = {
			isa = PBXSourcesBuildPhase;
			buildActionMask = 2147483647;
			files = (
			);
			runOnlyForDeploymentPostprocessing = 0;
		};
		40D19E902E30CF7B008D9669 /* Sources */ = {
			isa = PBXSourcesBuildPhase;
			buildActionMask = 2147483647;
			files = (
			);
			runOnlyForDeploymentPostprocessing = 0;
		};
/* End PBXSourcesBuildPhase section */

/* Begin PBXTargetDependency section */
		40D19E8C2E30CF7B008D9669 /* PBXTargetDependency */ = {
			isa = PBXTargetDependency;
			target = 40D19E702E30CF51008D9669 /* SwiftNoviceMkII */;
			targetProxy = 40D19E8B2E30CF7B008D9669 /* PBXContainerItemProxy */;
		};
		40D19E962E30CF7C008D9669 /* PBXTargetDependency */ = {
			isa = PBXTargetDependency;
			target = 40D19E702E30CF51008D9669 /* SwiftNoviceMkII */;
			targetProxy = 40D19E952E30CF7C008D9669 /* PBXContainerItemProxy */;
		};
/* End PBXTargetDependency section */

/* Begin PBXVariantGroup section */
		40D19EAC2E30CFBF008D9669 /* LaunchScreen.storyboard */ = {
			isa = PBXVariantGroup;
			children = (
				40D19EAB2E30CFBF008D9669 /* Base */,
			);
			name = LaunchScreen.storyboard;
			sourceTree = "<group>";
		};
		40D19EAE2E30CFBF008D9669 /* Main.storyboard */ = {
			isa = PBXVariantGroup;
			children = (
				40D19EAD2E30CFBF008D9669 /* Base */,
			);
			name = Main.storyboard;
			sourceTree = "<group>";
		};
/* End PBXVariantGroup section */

/* Begin XCBuildConfiguration section */
		40D19E9E2E30CF7C008D9669 /* Debug */ = {
			isa = XCBuildConfiguration;
			buildSettings = {
				ASSETCATALOG_COMPILER_APPICON_NAME = AppIcon;
				ASSETCATALOG_COMPILER_GLOBAL_ACCENT_COLOR_NAME = AccentColor;
				CODE_SIGN_STYLE = Automatic;
				CURRENT_PROJECT_VERSION = 1;
				DEVELOPMENT_TEAM = M9MT23QW7V;
				GENERATE_INFOPLIST_FILE = YES;
				INFOPLIST_FILE = SwiftNoviceMkII/Info.plist;
				INFOPLIST_KEY_UIApplicationSupportsIndirectInputEvents = YES;
				INFOPLIST_KEY_UILaunchStoryboardName = LaunchScreen;
				INFOPLIST_KEY_UIMainStoryboardFile = Main;
				INFOPLIST_KEY_UISupportedInterfaceOrientations = "UIInterfaceOrientationLandscapeLeft UIInterfaceOrientationLandscapeRight UIInterfaceOrientationPortrait UIInterfaceOrientationPortraitUpsideDown";
				INFOPLIST_KEY_UISupportedInterfaceOrientations_iPad = UIInterfaceOrientationPortrait;
				LD_RUNPATH_SEARCH_PATHS = (
					"$(inherited)",
					"@executable_path/Frameworks",
				);
				MARKETING_VERSION = 1.0;
				PRODUCT_BUNDLE_IDENTIFIER = noahpope.SwiftNoviceMkII;
				PRODUCT_NAME = "$(TARGET_NAME)";
				SWIFT_EMIT_LOC_STRINGS = YES;
				SWIFT_VERSION = 5.0;
				TARGETED_DEVICE_FAMILY = "1,2";
			};
			name = Debug;
		};
		40D19E9F2E30CF7C008D9669 /* Release */ = {
			isa = XCBuildConfiguration;
			buildSettings = {
				ASSETCATALOG_COMPILER_APPICON_NAME = AppIcon;
				ASSETCATALOG_COMPILER_GLOBAL_ACCENT_COLOR_NAME = AccentColor;
				CODE_SIGN_STYLE = Automatic;
				CURRENT_PROJECT_VERSION = 1;
				DEVELOPMENT_TEAM = M9MT23QW7V;
				GENERATE_INFOPLIST_FILE = YES;
				INFOPLIST_FILE = SwiftNoviceMkII/Info.plist;
				INFOPLIST_KEY_UIApplicationSupportsIndirectInputEvents = YES;
				INFOPLIST_KEY_UILaunchStoryboardName = LaunchScreen;
				INFOPLIST_KEY_UIMainStoryboardFile = Main;
				INFOPLIST_KEY_UISupportedInterfaceOrientations = "UIInterfaceOrientationLandscapeLeft UIInterfaceOrientationLandscapeRight UIInterfaceOrientationPortrait UIInterfaceOrientationPortraitUpsideDown";
				INFOPLIST_KEY_UISupportedInterfaceOrientations_iPad = UIInterfaceOrientationPortrait;
				LD_RUNPATH_SEARCH_PATHS = (
					"$(inherited)",
					"@executable_path/Frameworks",
				);
				MARKETING_VERSION = 1.0;
				PRODUCT_BUNDLE_IDENTIFIER = noahpope.SwiftNoviceMkII;
				PRODUCT_NAME = "$(TARGET_NAME)";
				SWIFT_EMIT_LOC_STRINGS = YES;
				SWIFT_VERSION = 5.0;
				TARGETED_DEVICE_FAMILY = "1,2";
			};
			name = Release;
		};
		40D19EA02E30CF7C008D9669 /* Debug */ = {
			isa = XCBuildConfiguration;
			buildSettings = {
				ALWAYS_SEARCH_USER_PATHS = NO;
				ASSETCATALOG_COMPILER_GENERATE_SWIFT_ASSET_SYMBOL_EXTENSIONS = YES;
				CLANG_ANALYZER_NONNULL = YES;
				CLANG_ANALYZER_NUMBER_OBJECT_CONVERSION = YES_AGGRESSIVE;
				CLANG_CXX_LANGUAGE_STANDARD = "gnu++20";
				CLANG_ENABLE_MODULES = YES;
				CLANG_ENABLE_OBJC_ARC = YES;
				CLANG_ENABLE_OBJC_WEAK = YES;
				CLANG_WARN_BLOCK_CAPTURE_AUTORELEASING = YES;
				CLANG_WARN_BOOL_CONVERSION = YES;
				CLANG_WARN_COMMA = YES;
				CLANG_WARN_CONSTANT_CONVERSION = YES;
				CLANG_WARN_DEPRECATED_OBJC_IMPLEMENTATIONS = YES;
				CLANG_WARN_DIRECT_OBJC_ISA_USAGE = YES_ERROR;
				CLANG_WARN_DOCUMENTATION_COMMENTS = YES;
				CLANG_WARN_EMPTY_BODY = YES;
				CLANG_WARN_ENUM_CONVERSION = YES;
				CLANG_WARN_INFINITE_RECURSION = YES;
				CLANG_WARN_INT_CONVERSION = YES;
				CLANG_WARN_NON_LITERAL_NULL_CONVERSION = YES;
				CLANG_WARN_OBJC_IMPLICIT_RETAIN_SELF = YES;
				CLANG_WARN_OBJC_LITERAL_CONVERSION = YES;
				CLANG_WARN_OBJC_ROOT_CLASS = YES_ERROR;
				CLANG_WARN_QUOTED_INCLUDE_IN_FRAMEWORK_HEADER = YES;
				CLANG_WARN_RANGE_LOOP_ANALYSIS = YES;
				CLANG_WARN_STRICT_PROTOTYPES = YES;
				CLANG_WARN_SUSPICIOUS_MOVE = YES;
				CLANG_WARN_UNGUARDED_AVAILABILITY = YES_AGGRESSIVE;
				CLANG_WARN_UNREACHABLE_CODE = YES;
				CLANG_WARN__DUPLICATE_METHOD_MATCH = YES;
				COPY_PHASE_STRIP = NO;
				DEBUG_INFORMATION_FORMAT = dwarf;
				DEVELOPMENT_TEAM = M9MT23QW7V;
				ENABLE_STRICT_OBJC_MSGSEND = YES;
				ENABLE_TESTABILITY = YES;
				ENABLE_USER_SCRIPT_SANDBOXING = YES;
				GCC_C_LANGUAGE_STANDARD = gnu17;
				GCC_DYNAMIC_NO_PIC = NO;
				GCC_NO_COMMON_BLOCKS = YES;
				GCC_OPTIMIZATION_LEVEL = 0;
				GCC_PREPROCESSOR_DEFINITIONS = (
					"DEBUG=1",
					"$(inherited)",
				);
				GCC_WARN_64_TO_32_BIT_CONVERSION = YES;
				GCC_WARN_ABOUT_RETURN_TYPE = YES_ERROR;
				GCC_WARN_UNDECLARED_SELECTOR = YES;
				GCC_WARN_UNINITIALIZED_AUTOS = YES_AGGRESSIVE;
				GCC_WARN_UNUSED_FUNCTION = YES;
				GCC_WARN_UNUSED_VARIABLE = YES;
				IPHONEOS_DEPLOYMENT_TARGET = 18.5;
				LOCALIZATION_PREFERS_STRING_CATALOGS = YES;
				MTL_ENABLE_DEBUG_INFO = INCLUDE_SOURCE;
				MTL_FAST_MATH = YES;
				ONLY_ACTIVE_ARCH = YES;
				SDKROOT = iphoneos;
				SWIFT_ACTIVE_COMPILATION_CONDITIONS = "DEBUG $(inherited)";
				SWIFT_OPTIMIZATION_LEVEL = "-Onone";
			};
			name = Debug;
		};
		40D19EA12E30CF7C008D9669 /* Release */ = {
			isa = XCBuildConfiguration;
			buildSettings = {
				ALWAYS_SEARCH_USER_PATHS = NO;
				ASSETCATALOG_COMPILER_GENERATE_SWIFT_ASSET_SYMBOL_EXTENSIONS = YES;
				CLANG_ANALYZER_NONNULL = YES;
				CLANG_ANALYZER_NUMBER_OBJECT_CONVERSION = YES_AGGRESSIVE;
				CLANG_CXX_LANGUAGE_STANDARD = "gnu++20";
				CLANG_ENABLE_MODULES = YES;
				CLANG_ENABLE_OBJC_ARC = YES;
				CLANG_ENABLE_OBJC_WEAK = YES;
				CLANG_WARN_BLOCK_CAPTURE_AUTORELEASING = YES;
				CLANG_WARN_BOOL_CONVERSION = YES;
				CLANG_WARN_COMMA = YES;
				CLANG_WARN_CONSTANT_CONVERSION = YES;
				CLANG_WARN_DEPRECATED_OBJC_IMPLEMENTATIONS = YES;
				CLANG_WARN_DIRECT_OBJC_ISA_USAGE = YES_ERROR;
				CLANG_WARN_DOCUMENTATION_COMMENTS = YES;
				CLANG_WARN_EMPTY_BODY = YES;
				CLANG_WARN_ENUM_CONVERSION = YES;
				CLANG_WARN_INFINITE_RECURSION = YES;
				CLANG_WARN_INT_CONVERSION = YES;
				CLANG_WARN_NON_LITERAL_NULL_CONVERSION = YES;
				CLANG_WARN_OBJC_IMPLICIT_RETAIN_SELF = YES;
				CLANG_WARN_OBJC_LITERAL_CONVERSION = YES;
				CLANG_WARN_OBJC_ROOT_CLASS = YES_ERROR;
				CLANG_WARN_QUOTED_INCLUDE_IN_FRAMEWORK_HEADER = YES;
				CLANG_WARN_RANGE_LOOP_ANALYSIS = YES;
				CLANG_WARN_STRICT_PROTOTYPES = YES;
				CLANG_WARN_SUSPICIOUS_MOVE = YES;
				CLANG_WARN_UNGUARDED_AVAILABILITY = YES_AGGRESSIVE;
				CLANG_WARN_UNREACHABLE_CODE = YES;
				CLANG_WARN__DUPLICATE_METHOD_MATCH = YES;
				COPY_PHASE_STRIP = NO;
				DEBUG_INFORMATION_FORMAT = "dwarf-with-dsym";
				DEVELOPMENT_TEAM = M9MT23QW7V;
				ENABLE_NS_ASSERTIONS = NO;
				ENABLE_STRICT_OBJC_MSGSEND = YES;
				ENABLE_USER_SCRIPT_SANDBOXING = YES;
				GCC_C_LANGUAGE_STANDARD = gnu17;
				GCC_NO_COMMON_BLOCKS = YES;
				GCC_WARN_64_TO_32_BIT_CONVERSION = YES;
				GCC_WARN_ABOUT_RETURN_TYPE = YES_ERROR;
				GCC_WARN_UNDECLARED_SELECTOR = YES;
				GCC_WARN_UNINITIALIZED_AUTOS = YES_AGGRESSIVE;
				GCC_WARN_UNUSED_FUNCTION = YES;
				GCC_WARN_UNUSED_VARIABLE = YES;
				IPHONEOS_DEPLOYMENT_TARGET = 18.5;
				LOCALIZATION_PREFERS_STRING_CATALOGS = YES;
				MTL_ENABLE_DEBUG_INFO = NO;
				MTL_FAST_MATH = YES;
				SDKROOT = iphoneos;
				SWIFT_COMPILATION_MODE = wholemodule;
				VALIDATE_PRODUCT = YES;
			};
			name = Release;
		};
		40D19EA32E30CF7C008D9669 /* Debug */ = {
			isa = XCBuildConfiguration;
			buildSettings = {
				BUNDLE_LOADER = "$(TEST_HOST)";
				CODE_SIGN_STYLE = Automatic;
				CURRENT_PROJECT_VERSION = 1;
				DEVELOPMENT_TEAM = M9MT23QW7V;
				GENERATE_INFOPLIST_FILE = YES;
				IPHONEOS_DEPLOYMENT_TARGET = 18.5;
				MARKETING_VERSION = 1.0;
				PRODUCT_BUNDLE_IDENTIFIER = noahpope.SwiftNoviceMkIITests;
				PRODUCT_NAME = "$(TARGET_NAME)";
				SWIFT_EMIT_LOC_STRINGS = NO;
				SWIFT_VERSION = 5.0;
				TARGETED_DEVICE_FAMILY = "1,2";
				TEST_HOST = "$(BUILT_PRODUCTS_DIR)/SwiftNoviceMkII.app/$(BUNDLE_EXECUTABLE_FOLDER_PATH)/SwiftNoviceMkII";
			};
			name = Debug;
		};
		40D19EA42E30CF7C008D9669 /* Release */ = {
			isa = XCBuildConfiguration;
			buildSettings = {
				BUNDLE_LOADER = "$(TEST_HOST)";
				CODE_SIGN_STYLE = Automatic;
				CURRENT_PROJECT_VERSION = 1;
				DEVELOPMENT_TEAM = M9MT23QW7V;
				GENERATE_INFOPLIST_FILE = YES;
				IPHONEOS_DEPLOYMENT_TARGET = 18.5;
				MARKETING_VERSION = 1.0;
				PRODUCT_BUNDLE_IDENTIFIER = noahpope.SwiftNoviceMkIITests;
				PRODUCT_NAME = "$(TARGET_NAME)";
				SWIFT_EMIT_LOC_STRINGS = NO;
				SWIFT_VERSION = 5.0;
				TARGETED_DEVICE_FAMILY = "1,2";
				TEST_HOST = "$(BUILT_PRODUCTS_DIR)/SwiftNoviceMkII.app/$(BUNDLE_EXECUTABLE_FOLDER_PATH)/SwiftNoviceMkII";
			};
			name = Release;
		};
		40D19EA62E30CF7C008D9669 /* Debug */ = {
			isa = XCBuildConfiguration;
			buildSettings = {
				CODE_SIGN_STYLE = Automatic;
				CURRENT_PROJECT_VERSION = 1;
				DEVELOPMENT_TEAM = M9MT23QW7V;
				GENERATE_INFOPLIST_FILE = YES;
				MARKETING_VERSION = 1.0;
				PRODUCT_BUNDLE_IDENTIFIER = noahpope.SwiftNoviceMkIIUITests;
				PRODUCT_NAME = "$(TARGET_NAME)";
				SWIFT_EMIT_LOC_STRINGS = NO;
				SWIFT_VERSION = 5.0;
				TARGETED_DEVICE_FAMILY = "1,2";
				TEST_TARGET_NAME = SwiftNoviceMkII;
			};
			name = Debug;
		};
		40D19EA72E30CF7C008D9669 /* Release */ = {
			isa = XCBuildConfiguration;
			buildSettings = {
				CODE_SIGN_STYLE = Automatic;
				CURRENT_PROJECT_VERSION = 1;
				DEVELOPMENT_TEAM = M9MT23QW7V;
				GENERATE_INFOPLIST_FILE = YES;
				MARKETING_VERSION = 1.0;
				PRODUCT_BUNDLE_IDENTIFIER = noahpope.SwiftNoviceMkIIUITests;
				PRODUCT_NAME = "$(TARGET_NAME)";
				SWIFT_EMIT_LOC_STRINGS = NO;
				SWIFT_VERSION = 5.0;
				TARGETED_DEVICE_FAMILY = "1,2";
				TEST_TARGET_NAME = SwiftNoviceMkII;
			};
			name = Release;
		};
/* End XCBuildConfiguration section */

/* Begin XCConfigurationList section */
		40D19E6C2E30CF51008D9669 /* Build configuration list for PBXProject "SwiftNoviceMkII" */ = {
			isa = XCConfigurationList;
			buildConfigurations = (
				40D19EA02E30CF7C008D9669 /* Debug */,
				40D19EA12E30CF7C008D9669 /* Release */,
			);
			defaultConfigurationIsVisible = 0;
			defaultConfigurationName = Release;
		};
		40D19E9D2E30CF7C008D9669 /* Build configuration list for PBXNativeTarget "SwiftNoviceMkII" */ = {
			isa = XCConfigurationList;
			buildConfigurations = (
				40D19E9E2E30CF7C008D9669 /* Debug */,
				40D19E9F2E30CF7C008D9669 /* Release */,
			);
			defaultConfigurationIsVisible = 0;
			defaultConfigurationName = Release;
		};
		40D19EA22E30CF7C008D9669 /* Build configuration list for PBXNativeTarget "SwiftNoviceMkIITests" */ = {
			isa = XCConfigurationList;
			buildConfigurations = (
				40D19EA32E30CF7C008D9669 /* Debug */,
				40D19EA42E30CF7C008D9669 /* Release */,
			);
			defaultConfigurationIsVisible = 0;
			defaultConfigurationName = Release;
		};
		40D19EA52E30CF7C008D9669 /* Build configuration list for PBXNativeTarget "SwiftNoviceMkIIUITests" */ = {
			isa = XCConfigurationList;
			buildConfigurations = (
				40D19EA62E30CF7C008D9669 /* Debug */,
				40D19EA72E30CF7C008D9669 /* Release */,
			);
			defaultConfigurationIsVisible = 0;
			defaultConfigurationName = Release;
		};
/* End XCConfigurationList section */

/* Begin XCVersionGroup section */
		40D19EB02E30CFBF008D9669 /* SwiftNoviceMkII.xcdatamodeld */ = {
			isa = XCVersionGroup;
			children = (
				40D19EB32E30CFBF008D9669 /* SwiftNoviceMkII.xcdatamodel */,
			);
			currentVersion = 40D19EB32E30CFBF008D9669 /* SwiftNoviceMkII.xcdatamodel */;
			path = SwiftNoviceMkII.xcdatamodeld;
			sourceTree = "<group>";
			versionGroupType = wrapper.xcdatamodel;
		};
/* End XCVersionGroup section */
	};
	rootObject = 40D19E692E30CF51008D9669 /* Project object */;
}
